
Microsoft Visual Studio Solution File, Format Version 12.00
# Visual Studio Version 17
VisualStudioVersion = 17.5.33516.290
MinimumVisualStudioVersion = 10.0.40219.1
Project("{9A19103F-16F7-4668-BE54-9A1E7A4F7556}") = "MovieApp", "MovieApp\MovieApp.csproj", "{512B9FAF-E766-4EE0-B240-03B2B0F362EC}"
EndProject
Project("{9A19103F-16F7-4668-BE54-9A1E7A4F7556}") = "MovieApp.Data", "MovieAppData\MovieApp.Data.csproj", "{1100C8BB-6B06-462C-9B57-0A4D395A3D0D}"
EndProject
Project("{FAE04EC0-301F-11D3-BF4B-00C04F79EFBC}") = "MovieApp.Tests", "MovieApp.Tests\MovieApp.Tests.csproj", "{DFA67AD7-B120-47B9-BC22-61FD0A11BAF7}"
EndProject
Global
	GlobalSection(SolutionConfigurationPlatforms) = preSolution
		Debug|Any CPU = Debug|Any CPU
		Release|Any CPU = Release|Any CPU
	EndGlobalSection
	GlobalSection(ProjectConfigurationPlatforms) = postSolution
		{512B9FAF-E766-4EE0-B240-03B2B0F362EC}.Debug|Any CPU.ActiveCfg = Debug|Any CPU
		{512B9FAF-E766-4EE0-B240-03B2B0F362EC}.Debug|Any CPU.Build.0 = Debug|Any CPU
		{512B9FAF-E766-4EE0-B240-03B2B0F362EC}.Release|Any CPU.ActiveCfg = Release|Any CPU
		{512B9FAF-E766-4EE0-B240-03B2B0F362EC}.Release|Any CPU.Build.0 = Release|Any CPU
		{1100C8BB-6B06-462C-9B57-0A4D395A3D0D}.Debug|Any CPU.ActiveCfg = Debug|Any CPU
		{1100C8BB-6B06-462C-9B57-0A4D395A3D0D}.Debug|Any CPU.Build.0 = Debug|Any CPU
		{1100C8BB-6B06-462C-9B57-0A4D395A3D0D}.Release|Any CPU.ActiveCfg = Release|Any CPU
		{1100C8BB-6B06-462C-9B57-0A4D395A3D0D}.Release|Any CPU.Build.0 = Release|Any CPU
		{DFA67AD7-B120-47B9-BC22-61FD0A11BAF7}.Debug|Any CPU.ActiveCfg = Debug|Any CPU
		{DFA67AD7-B120-47B9-BC22-61FD0A11BAF7}.Debug|Any CPU.Build.0 = Debug|Any CPU
		{DFA67AD7-B120-47B9-BC22-61FD0A11BAF7}.Release|Any CPU.ActiveCfg = Release|Any CPU
		{DFA67AD7-B120-47B9-BC22-61FD0A11BAF7}.Release|Any CPU.Build.0 = Release|Any CPU
	EndGlobalSection
	GlobalSection(SolutionProperties) = preSolution
		HideSolutionNode = FALSE
	EndGlobalSection
	GlobalSection(ExtensibilityGlobals) = postSolution
		SolutionGuid = {AFF67CFD-2BB1-4EB9-9A87-2C79211D35E7}
	EndGlobalSection
EndGlobal
